// !$*UTF8*$!
{
	archiveVersion = 1;
	classes = {
	};
	objectVersion = 56;
	objects = {

/* Begin PBXBuildFile section */
		D22383DC2BDDD94400CBAD14 /* TabBarAdminView.swift in Sources */ = {isa = PBXBuildFile; fileRef = D22383DB2BDDD94400CBAD14 /* TabBarAdminView.swift */; };
		D22383E02BDDE22300CBAD14 /* CategoryManagerView.swift in Sources */ = {isa = PBXBuildFile; fileRef = D22383DF2BDDE22300CBAD14 /* CategoryManagerView.swift */; };
		D22383E22BDDE37000CBAD14 /* Category.swift in Sources */ = {isa = PBXBuildFile; fileRef = D22383E12BDDE37000CBAD14 /* Category.swift */; };
		D22383E42BDDE3B800CBAD14 /* CategoryMV.swift in Sources */ = {isa = PBXBuildFile; fileRef = D22383E32BDDE3B800CBAD14 /* CategoryMV.swift */; };
		D22383E62BDDE55C00CBAD14 /* CategoryItemList.swift in Sources */ = {isa = PBXBuildFile; fileRef = D22383E52BDDE55C00CBAD14 /* CategoryItemList.swift */; };
		D24E5E022BDE316700821321 /* DetailCategory.swift in Sources */ = {isa = PBXBuildFile; fileRef = D24E5E012BDE316700821321 /* DetailCategory.swift */; };
		D24E5E042BDE382E00821321 /* ProductManagerView.swift in Sources */ = {isa = PBXBuildFile; fileRef = D24E5E032BDE382E00821321 /* ProductManagerView.swift */; };
		D24E5E062BDE433D00821321 /* ProductMV.swift in Sources */ = {isa = PBXBuildFile; fileRef = D24E5E052BDE433D00821321 /* ProductMV.swift */; };
		D24E5E082BDE439E00821321 /* ProductItemList.swift in Sources */ = {isa = PBXBuildFile; fileRef = D24E5E072BDE439E00821321 /* ProductItemList.swift */; };
		D24E5E0A2BDE45F800821321 /* DetailProduct.swift in Sources */ = {isa = PBXBuildFile; fileRef = D24E5E092BDE45F800821321 /* DetailProduct.swift */; };
		D24E5E0D2BDE4E8800821321 /* DiscountManagerView.swift in Sources */ = {isa = PBXBuildFile; fileRef = D24E5E0C2BDE4E8800821321 /* DiscountManagerView.swift */; };
		D24E5E0F2BDE4EE800821321 /* DiscountMV.swift in Sources */ = {isa = PBXBuildFile; fileRef = D24E5E0E2BDE4EE800821321 /* DiscountMV.swift */; };
		D24E5E112BDE4F1300821321 /* Discount.swift in Sources */ = {isa = PBXBuildFile; fileRef = D24E5E102BDE4F1300821321 /* Discount.swift */; };
		D252FC682BDCDB5200E9F2D9 /* ListImages.swift in Sources */ = {isa = PBXBuildFile; fileRef = D252FC672BDCDB5200E9F2D9 /* ListImages.swift */; };
		D252FC6A2BDCDC5900E9F2D9 /* WelcomeView.swift in Sources */ = {isa = PBXBuildFile; fileRef = D252FC692BDCDC5900E9F2D9 /* WelcomeView.swift */; };
		D252FC6C2BDCE15D00E9F2D9 /* SignUp.swift in Sources */ = {isa = PBXBuildFile; fileRef = D252FC6B2BDCE15D00E9F2D9 /* SignUp.swift */; };
		D252FC6E2BDCE16800E9F2D9 /* SignIn.swift in Sources */ = {isa = PBXBuildFile; fileRef = D252FC6D2BDCE16800E9F2D9 /* SignIn.swift */; };
		D252FC702BDCE1A500E9F2D9 /* HeaderSignIn.swift in Sources */ = {isa = PBXBuildFile; fileRef = D252FC6F2BDCE1A500E9F2D9 /* HeaderSignIn.swift */; };
		D252FC722BDCEFDC00E9F2D9 /* ForgotpasswordView.swift in Sources */ = {isa = PBXBuildFile; fileRef = D252FC712BDCEFDC00E9F2D9 /* ForgotpasswordView.swift */; };
		D28C63062BDD4E11002D8E80 /* GoogleService-Info.plist in Resources */ = {isa = PBXBuildFile; fileRef = D28C63052BDD4E11002D8E80 /* GoogleService-Info.plist */; };
		D2A36BFA2BDF476E00CB05BC /* SettingView.swift in Sources */ = {isa = PBXBuildFile; fileRef = D2A36BF92BDF476E00CB05BC /* SettingView.swift */; };
		D2A7A2362BDF314100B0694F /* VerifyView.swift in Sources */ = {isa = PBXBuildFile; fileRef = D2A7A2352BDF314100B0694F /* VerifyView.swift */; };
		D2A7A23A2BDF341400B0694F /* TabBarShiperView.swift in Sources */ = {isa = PBXBuildFile; fileRef = D2A7A2392BDF341400B0694F /* TabBarShiperView.swift */; };
		D2A7A23C2BDF3AAD00B0694F /* VerifyShiper.swift in Sources */ = {isa = PBXBuildFile; fileRef = D2A7A23B2BDF3AAD00B0694F /* VerifyShiper.swift */; };
		D2A7A23E2BDF3ABB00B0694F /* ShiperItem.swift in Sources */ = {isa = PBXBuildFile; fileRef = D2A7A23D2BDF3ABB00B0694F /* ShiperItem.swift */; };
		D2A7A2402BDF3AEA00B0694F /* Shiper.swift in Sources */ = {isa = PBXBuildFile; fileRef = D2A7A23F2BDF3AEA00B0694F /* Shiper.swift */; };
		D2A7A2442BDF3D1900B0694F /* ShiperMV.swift in Sources */ = {isa = PBXBuildFile; fileRef = D2A7A2432BDF3D1900B0694F /* ShiperMV.swift */; };
		D2A7A2462BDF3FA600B0694F /* DetailShiper.swift in Sources */ = {isa = PBXBuildFile; fileRef = D2A7A2452BDF3FA600B0694F /* DetailShiper.swift */; };
		D2AD4B902BDEA3470043FBFC /* DiscountItemList.swift in Sources */ = {isa = PBXBuildFile; fileRef = D2AD4B8F2BDEA3470043FBFC /* DiscountItemList.swift */; };
		D2AD4B922BDEA3DF0043FBFC /* DetailDisount.swift in Sources */ = {isa = PBXBuildFile; fileRef = D2AD4B912BDEA3DF0043FBFC /* DetailDisount.swift */; };
		D2B37D322BDF8578009CAC90 /* Order.swift in Sources */ = {isa = PBXBuildFile; fileRef = D2B37D312BDF8578009CAC90 /* Order.swift */; };
		D2B37D342BDF8593009CAC90 /* OrderMV.swift in Sources */ = {isa = PBXBuildFile; fileRef = D2B37D332BDF8593009CAC90 /* OrderMV.swift */; };
		D2B37D362BDF8C9F009CAC90 /* OrderManagerView.swift in Sources */ = {isa = PBXBuildFile; fileRef = D2B37D352BDF8C9F009CAC90 /* OrderManagerView.swift */; };
		D2B37D382BDF8DB1009CAC90 /* OrderDetail.swift in Sources */ = {isa = PBXBuildFile; fileRef = D2B37D372BDF8DB1009CAC90 /* OrderDetail.swift */; };
		D2B37D3A2BDF8DBC009CAC90 /* ItemOrderList.swift in Sources */ = {isa = PBXBuildFile; fileRef = D2B37D392BDF8DBC009CAC90 /* ItemOrderList.swift */; };
		D2BA1AF12BDFC846001BD00D /* DetailShippingView.swift in Sources */ = {isa = PBXBuildFile; fileRef = D2BA1AF02BDFC846001BD00D /* DetailShippingView.swift */; };
		D2BA1AF42BDFCC8D001BD00D /* ShippingView.swift in Sources */ = {isa = PBXBuildFile; fileRef = D2BA1AF32BDFCC8D001BD00D /* ShippingView.swift */; };
		D2BA1AF62BDFCD68001BD00D /* MapView.swift in Sources */ = {isa = PBXBuildFile; fileRef = D2BA1AF52BDFCD68001BD00D /* MapView.swift */; };
		D2CC5E732BDBA1A300D38727 /* AdminShipperAppApp.swift in Sources */ = {isa = PBXBuildFile; fileRef = D2CC5E722BDBA1A300D38727 /* AdminShipperAppApp.swift */; };
		D2CC5E752BDBA1A300D38727 /* ContentView.swift in Sources */ = {isa = PBXBuildFile; fileRef = D2CC5E742BDBA1A300D38727 /* ContentView.swift */; };
		D2CC5E772BDBA1A500D38727 /* Assets.xcassets in Resources */ = {isa = PBXBuildFile; fileRef = D2CC5E762BDBA1A500D38727 /* Assets.xcassets */; };
		D2CC5E7B2BDBA1A500D38727 /* Preview Assets.xcassets in Resources */ = {isa = PBXBuildFile; fileRef = D2CC5E7A2BDBA1A500D38727 /* Preview Assets.xcassets */; };
		D2CC5E852BDBA1A600D38727 /* AdminShipperAppTests.swift in Sources */ = {isa = PBXBuildFile; fileRef = D2CC5E842BDBA1A600D38727 /* AdminShipperAppTests.swift */; };
		D2CC5E8F2BDBA1A600D38727 /* AdminShipperAppUITests.swift in Sources */ = {isa = PBXBuildFile; fileRef = D2CC5E8E2BDBA1A600D38727 /* AdminShipperAppUITests.swift */; };
		D2CC5E912BDBA1A600D38727 /* AdminShipperAppUITestsLaunchTests.swift in Sources */ = {isa = PBXBuildFile; fileRef = D2CC5E902BDBA1A600D38727 /* AdminShipperAppUITestsLaunchTests.swift */; };
		D2CC5EA12BDBA2EB00D38727 /* FirebaseAnalytics in Frameworks */ = {isa = PBXBuildFile; productRef = D2CC5EA02BDBA2EB00D38727 /* FirebaseAnalytics */; };
		D2CC5EA32BDBA2EB00D38727 /* FirebaseAnalyticsOnDeviceConversion in Frameworks */ = {isa = PBXBuildFile; productRef = D2CC5EA22BDBA2EB00D38727 /* FirebaseAnalyticsOnDeviceConversion */; };
		D2CC5EA52BDBA2EB00D38727 /* FirebaseAnalyticsSwift in Frameworks */ = {isa = PBXBuildFile; productRef = D2CC5EA42BDBA2EB00D38727 /* FirebaseAnalyticsSwift */; };
		D2CC5EA72BDBA2EB00D38727 /* FirebaseAnalyticsWithoutAdIdSupport in Frameworks */ = {isa = PBXBuildFile; productRef = D2CC5EA62BDBA2EB00D38727 /* FirebaseAnalyticsWithoutAdIdSupport */; };
		D2CC5EA92BDBA2EB00D38727 /* FirebaseAppCheck in Frameworks */ = {isa = PBXBuildFile; productRef = D2CC5EA82BDBA2EB00D38727 /* FirebaseAppCheck */; };
		D2CC5EAB2BDBA2EB00D38727 /* FirebaseAppDistribution-Beta in Frameworks */ = {isa = PBXBuildFile; productRef = D2CC5EAA2BDBA2EB00D38727 /* FirebaseAppDistribution-Beta */; };
		D2CC5EAD2BDBA2EB00D38727 /* FirebaseAuth in Frameworks */ = {isa = PBXBuildFile; productRef = D2CC5EAC2BDBA2EB00D38727 /* FirebaseAuth */; };
		D2CC5EAF2BDBA2EB00D38727 /* FirebaseAuthCombine-Community in Frameworks */ = {isa = PBXBuildFile; productRef = D2CC5EAE2BDBA2EB00D38727 /* FirebaseAuthCombine-Community */; };
		D2CC5EB12BDBA2EB00D38727 /* FirebaseCrashlytics in Frameworks */ = {isa = PBXBuildFile; productRef = D2CC5EB02BDBA2EB00D38727 /* FirebaseCrashlytics */; };
		D2CC5EB32BDBA2EB00D38727 /* FirebaseDatabase in Frameworks */ = {isa = PBXBuildFile; productRef = D2CC5EB22BDBA2EB00D38727 /* FirebaseDatabase */; };
		D2CC5EB52BDBA2EB00D38727 /* FirebaseDatabaseSwift in Frameworks */ = {isa = PBXBuildFile; productRef = D2CC5EB42BDBA2EB00D38727 /* FirebaseDatabaseSwift */; };
		D2CC5EB72BDBA2EB00D38727 /* FirebaseDynamicLinks in Frameworks */ = {isa = PBXBuildFile; productRef = D2CC5EB62BDBA2EB00D38727 /* FirebaseDynamicLinks */; };
		D2CC5EB92BDBA2EB00D38727 /* FirebaseFirestore in Frameworks */ = {isa = PBXBuildFile; productRef = D2CC5EB82BDBA2EB00D38727 /* FirebaseFirestore */; };
		D2CC5EBB2BDBA2EB00D38727 /* FirebaseFirestoreCombine-Community in Frameworks */ = {isa = PBXBuildFile; productRef = D2CC5EBA2BDBA2EB00D38727 /* FirebaseFirestoreCombine-Community */; };
		D2CC5EBD2BDBA2EB00D38727 /* FirebaseFirestoreSwift in Frameworks */ = {isa = PBXBuildFile; productRef = D2CC5EBC2BDBA2EB00D38727 /* FirebaseFirestoreSwift */; };
		D2CC5EBF2BDBA2EB00D38727 /* FirebaseFunctions in Frameworks */ = {isa = PBXBuildFile; productRef = D2CC5EBE2BDBA2EB00D38727 /* FirebaseFunctions */; };
		D2CC5EC12BDBA2EB00D38727 /* FirebaseFunctionsCombine-Community in Frameworks */ = {isa = PBXBuildFile; productRef = D2CC5EC02BDBA2EB00D38727 /* FirebaseFunctionsCombine-Community */; };
		D2CC5EC32BDBA2EB00D38727 /* FirebaseInAppMessaging-Beta in Frameworks */ = {isa = PBXBuildFile; productRef = D2CC5EC22BDBA2EB00D38727 /* FirebaseInAppMessaging-Beta */; };
		D2CC5EC52BDBA2EB00D38727 /* FirebaseInAppMessagingSwift-Beta in Frameworks */ = {isa = PBXBuildFile; productRef = D2CC5EC42BDBA2EB00D38727 /* FirebaseInAppMessagingSwift-Beta */; };
		D2CC5EC72BDBA2EB00D38727 /* FirebaseInstallations in Frameworks */ = {isa = PBXBuildFile; productRef = D2CC5EC62BDBA2EB00D38727 /* FirebaseInstallations */; };
		D2CC5EC92BDBA2EB00D38727 /* FirebaseMLModelDownloader in Frameworks */ = {isa = PBXBuildFile; productRef = D2CC5EC82BDBA2EB00D38727 /* FirebaseMLModelDownloader */; };
		D2CC5ECB2BDBA2EB00D38727 /* FirebaseMessaging in Frameworks */ = {isa = PBXBuildFile; productRef = D2CC5ECA2BDBA2EB00D38727 /* FirebaseMessaging */; };
		D2CC5ECD2BDBA2EB00D38727 /* FirebasePerformance in Frameworks */ = {isa = PBXBuildFile; productRef = D2CC5ECC2BDBA2EB00D38727 /* FirebasePerformance */; };
		D2CC5ECF2BDBA2EB00D38727 /* FirebaseRemoteConfig in Frameworks */ = {isa = PBXBuildFile; productRef = D2CC5ECE2BDBA2EB00D38727 /* FirebaseRemoteConfig */; };
		D2CC5ED12BDBA2EB00D38727 /* FirebaseRemoteConfigSwift in Frameworks */ = {isa = PBXBuildFile; productRef = D2CC5ED02BDBA2EB00D38727 /* FirebaseRemoteConfigSwift */; };
		D2CC5ED32BDBA2EB00D38727 /* FirebaseStorage in Frameworks */ = {isa = PBXBuildFile; productRef = D2CC5ED22BDBA2EB00D38727 /* FirebaseStorage */; };
		D2CC5ED52BDBA2EB00D38727 /* FirebaseStorageCombine-Community in Frameworks */ = {isa = PBXBuildFile; productRef = D2CC5ED42BDBA2EB00D38727 /* FirebaseStorageCombine-Community */; };
		D2E257462BDC8D2700411975 /* CustomTabBar.swift in Sources */ = {isa = PBXBuildFile; fileRef = D2E257452BDC8D2700411975 /* CustomTabBar.swift */; };
		D2E257482BDC8D4D00411975 /* CustomTabBarShiper.swift in Sources */ = {isa = PBXBuildFile; fileRef = D2E257472BDC8D4D00411975 /* CustomTabBarShiper.swift */; };
		D2E2574C2BDC8E5600411975 /* HomeAdminView.swift in Sources */ = {isa = PBXBuildFile; fileRef = D2E2574B2BDC8E5600411975 /* HomeAdminView.swift */; };
		D2E2574E2BDC8E6200411975 /* HomeShiperView.swift in Sources */ = {isa = PBXBuildFile; fileRef = D2E2574D2BDC8E6200411975 /* HomeShiperView.swift */; };
		D2E257552BDC906200411975 /* AuthModelView.swift in Sources */ = {isa = PBXBuildFile; fileRef = D2E257542BDC906200411975 /* AuthModelView.swift */; };
		D2E2575B2BDC94AC00411975 /* Launch Screen.storyboard in Resources */ = {isa = PBXBuildFile; fileRef = D2E2575A2BDC94AB00411975 /* Launch Screen.storyboard */; };
/* End PBXBuildFile section */

/* Begin PBXContainerItemProxy section */
		D2CC5E812BDBA1A600D38727 /* PBXContainerItemProxy */ = {
			isa = PBXContainerItemProxy;
			containerPortal = D2CC5E672BDBA1A300D38727 /* Project object */;
			proxyType = 1;
			remoteGlobalIDString = D2CC5E6E2BDBA1A300D38727;
			remoteInfo = AdminShipperApp;
		};
		D2CC5E8B2BDBA1A600D38727 /* PBXContainerItemProxy */ = {
			isa = PBXContainerItemProxy;
			containerPortal = D2CC5E672BDBA1A300D38727 /* Project object */;
			proxyType = 1;
			remoteGlobalIDString = D2CC5E6E2BDBA1A300D38727;
			remoteInfo = AdminShipperApp;
		};
/* End PBXContainerItemProxy section */

/* Begin PBXFileReference section */
		D22383DB2BDDD94400CBAD14 /* TabBarAdminView.swift */ = {isa = PBXFileReference; lastKnownFileType = sourcecode.swift; path = TabBarAdminView.swift; sourceTree = "<group>"; };
		D22383DF2BDDE22300CBAD14 /* CategoryManagerView.swift */ = {isa = PBXFileReference; lastKnownFileType = sourcecode.swift; path = CategoryManagerView.swift; sourceTree = "<group>"; };
		D22383E12BDDE37000CBAD14 /* Category.swift */ = {isa = PBXFileReference; lastKnownFileType = sourcecode.swift; path = Category.swift; sourceTree = "<group>"; };
		D22383E32BDDE3B800CBAD14 /* CategoryMV.swift */ = {isa = PBXFileReference; lastKnownFileType = sourcecode.swift; path = CategoryMV.swift; sourceTree = "<group>"; };
		D22383E52BDDE55C00CBAD14 /* CategoryItemList.swift */ = {isa = PBXFileReference; lastKnownFileType = sourcecode.swift; path = CategoryItemList.swift; sourceTree = "<group>"; };
		D24E5E012BDE316700821321 /* DetailCategory.swift */ = {isa = PBXFileReference; lastKnownFileType = sourcecode.swift; path = DetailCategory.swift; sourceTree = "<group>"; };
		D24E5E032BDE382E00821321 /* ProductManagerView.swift */ = {isa = PBXFileReference; lastKnownFileType = sourcecode.swift; path = ProductManagerView.swift; sourceTree = "<group>"; };
		D24E5E052BDE433D00821321 /* ProductMV.swift */ = {isa = PBXFileReference; lastKnownFileType = sourcecode.swift; path = ProductMV.swift; sourceTree = "<group>"; };
		D24E5E072BDE439E00821321 /* ProductItemList.swift */ = {isa = PBXFileReference; lastKnownFileType = sourcecode.swift; path = ProductItemList.swift; sourceTree = "<group>"; };
		D24E5E092BDE45F800821321 /* DetailProduct.swift */ = {isa = PBXFileReference; lastKnownFileType = sourcecode.swift; path = DetailProduct.swift; sourceTree = "<group>"; };
		D24E5E0C2BDE4E8800821321 /* DiscountManagerView.swift */ = {isa = PBXFileReference; lastKnownFileType = sourcecode.swift; path = DiscountManagerView.swift; sourceTree = "<group>"; };
		D24E5E0E2BDE4EE800821321 /* DiscountMV.swift */ = {isa = PBXFileReference; lastKnownFileType = sourcecode.swift; path = DiscountMV.swift; sourceTree = "<group>"; };
		D24E5E102BDE4F1300821321 /* Discount.swift */ = {isa = PBXFileReference; lastKnownFileType = sourcecode.swift; path = Discount.swift; sourceTree = "<group>"; };
		D252FC672BDCDB5200E9F2D9 /* ListImages.swift */ = {isa = PBXFileReference; lastKnownFileType = sourcecode.swift; path = ListImages.swift; sourceTree = "<group>"; };
		D252FC692BDCDC5900E9F2D9 /* WelcomeView.swift */ = {isa = PBXFileReference; lastKnownFileType = sourcecode.swift; path = WelcomeView.swift; sourceTree = "<group>"; };
		D252FC6B2BDCE15D00E9F2D9 /* SignUp.swift */ = {isa = PBXFileReference; lastKnownFileType = sourcecode.swift; path = SignUp.swift; sourceTree = "<group>"; };
		D252FC6D2BDCE16800E9F2D9 /* SignIn.swift */ = {isa = PBXFileReference; lastKnownFileType = sourcecode.swift; path = SignIn.swift; sourceTree = "<group>"; };
		D252FC6F2BDCE1A500E9F2D9 /* HeaderSignIn.swift */ = {isa = PBXFileReference; lastKnownFileType = sourcecode.swift; path = HeaderSignIn.swift; sourceTree = "<group>"; };
		D252FC712BDCEFDC00E9F2D9 /* ForgotpasswordView.swift */ = {isa = PBXFileReference; lastKnownFileType = sourcecode.swift; path = ForgotpasswordView.swift; sourceTree = "<group>"; };
		D28C63052BDD4E11002D8E80 /* GoogleService-Info.plist */ = {isa = PBXFileReference; fileEncoding = 4; lastKnownFileType = text.plist.xml; path = "GoogleService-Info.plist"; sourceTree = "<group>"; };
		D2A36BF92BDF476E00CB05BC /* SettingView.swift */ = {isa = PBXFileReference; lastKnownFileType = sourcecode.swift; path = SettingView.swift; sourceTree = "<group>"; };
		D2A7A2352BDF314100B0694F /* VerifyView.swift */ = {isa = PBXFileReference; lastKnownFileType = sourcecode.swift; path = VerifyView.swift; sourceTree = "<group>"; };
		D2A7A2392BDF341400B0694F /* TabBarShiperView.swift */ = {isa = PBXFileReference; lastKnownFileType = sourcecode.swift; path = TabBarShiperView.swift; sourceTree = "<group>"; };
		D2A7A23B2BDF3AAD00B0694F /* VerifyShiper.swift */ = {isa = PBXFileReference; lastKnownFileType = sourcecode.swift; path = VerifyShiper.swift; sourceTree = "<group>"; };
		D2A7A23D2BDF3ABB00B0694F /* ShiperItem.swift */ = {isa = PBXFileReference; lastKnownFileType = sourcecode.swift; path = ShiperItem.swift; sourceTree = "<group>"; };
		D2A7A23F2BDF3AEA00B0694F /* Shiper.swift */ = {isa = PBXFileReference; lastKnownFileType = sourcecode.swift; path = Shiper.swift; sourceTree = "<group>"; };
		D2A7A2432BDF3D1900B0694F /* ShiperMV.swift */ = {isa = PBXFileReference; lastKnownFileType = sourcecode.swift; path = ShiperMV.swift; sourceTree = "<group>"; };
		D2A7A2452BDF3FA600B0694F /* DetailShiper.swift */ = {isa = PBXFileReference; lastKnownFileType = sourcecode.swift; path = DetailShiper.swift; sourceTree = "<group>"; };
		D2AD4B8F2BDEA3470043FBFC /* DiscountItemList.swift */ = {isa = PBXFileReference; lastKnownFileType = sourcecode.swift; path = DiscountItemList.swift; sourceTree = "<group>"; };
		D2AD4B912BDEA3DF0043FBFC /* DetailDisount.swift */ = {isa = PBXFileReference; lastKnownFileType = sourcecode.swift; path = DetailDisount.swift; sourceTree = "<group>"; };
		D2B37D312BDF8578009CAC90 /* Order.swift */ = {isa = PBXFileReference; lastKnownFileType = sourcecode.swift; path = Order.swift; sourceTree = "<group>"; };
		D2B37D332BDF8593009CAC90 /* OrderMV.swift */ = {isa = PBXFileReference; lastKnownFileType = sourcecode.swift; path = OrderMV.swift; sourceTree = "<group>"; };
		D2B37D352BDF8C9F009CAC90 /* OrderManagerView.swift */ = {isa = PBXFileReference; lastKnownFileType = sourcecode.swift; path = OrderManagerView.swift; sourceTree = "<group>"; };
		D2B37D372BDF8DB1009CAC90 /* OrderDetail.swift */ = {isa = PBXFileReference; lastKnownFileType = sourcecode.swift; path = OrderDetail.swift; sourceTree = "<group>"; };
		D2B37D392BDF8DBC009CAC90 /* ItemOrderList.swift */ = {isa = PBXFileReference; lastKnownFileType = sourcecode.swift; path = ItemOrderList.swift; sourceTree = "<group>"; };
		D2BA1AF02BDFC846001BD00D /* DetailShippingView.swift */ = {isa = PBXFileReference; lastKnownFileType = sourcecode.swift; path = DetailShippingView.swift; sourceTree = "<group>"; };
		D2BA1AF32BDFCC8D001BD00D /* ShippingView.swift */ = {isa = PBXFileReference; lastKnownFileType = sourcecode.swift; path = ShippingView.swift; sourceTree = "<group>"; };
		D2BA1AF52BDFCD68001BD00D /* MapView.swift */ = {isa = PBXFileReference; lastKnownFileType = sourcecode.swift; path = MapView.swift; sourceTree = "<group>"; };
		D2CC5E6F2BDBA1A300D38727 /* AdminShipperApp.app */ = {isa = PBXFileReference; explicitFileType = wrapper.application; includeInIndex = 0; path = AdminShipperApp.app; sourceTree = BUILT_PRODUCTS_DIR; };
		D2CC5E722BDBA1A300D38727 /* AdminShipperAppApp.swift */ = {isa = PBXFileReference; lastKnownFileType = sourcecode.swift; path = AdminShipperAppApp.swift; sourceTree = "<group>"; };
		D2CC5E742BDBA1A300D38727 /* ContentView.swift */ = {isa = PBXFileReference; lastKnownFileType = sourcecode.swift; path = ContentView.swift; sourceTree = "<group>"; };
		D2CC5E762BDBA1A500D38727 /* Assets.xcassets */ = {isa = PBXFileReference; lastKnownFileType = folder.assetcatalog; path = Assets.xcassets; sourceTree = "<group>"; };
		D2CC5E782BDBA1A500D38727 /* AdminShipperApp.entitlements */ = {isa = PBXFileReference; lastKnownFileType = text.plist.entitlements; path = AdminShipperApp.entitlements; sourceTree = "<group>"; };
		D2CC5E7A2BDBA1A500D38727 /* Preview Assets.xcassets */ = {isa = PBXFileReference; lastKnownFileType = folder.assetcatalog; path = "Preview Assets.xcassets"; sourceTree = "<group>"; };
		D2CC5E802BDBA1A600D38727 /* AdminShipperAppTests.xctest */ = {isa = PBXFileReference; explicitFileType = wrapper.cfbundle; includeInIndex = 0; path = AdminShipperAppTests.xctest; sourceTree = BUILT_PRODUCTS_DIR; };
		D2CC5E842BDBA1A600D38727 /* AdminShipperAppTests.swift */ = {isa = PBXFileReference; lastKnownFileType = sourcecode.swift; path = AdminShipperAppTests.swift; sourceTree = "<group>"; };
		D2CC5E8A2BDBA1A600D38727 /* AdminShipperAppUITests.xctest */ = {isa = PBXFileReference; explicitFileType = wrapper.cfbundle; includeInIndex = 0; path = AdminShipperAppUITests.xctest; sourceTree = BUILT_PRODUCTS_DIR; };
		D2CC5E8E2BDBA1A600D38727 /* AdminShipperAppUITests.swift */ = {isa = PBXFileReference; lastKnownFileType = sourcecode.swift; path = AdminShipperAppUITests.swift; sourceTree = "<group>"; };
		D2CC5E902BDBA1A600D38727 /* AdminShipperAppUITestsLaunchTests.swift */ = {isa = PBXFileReference; lastKnownFileType = sourcecode.swift; path = AdminShipperAppUITestsLaunchTests.swift; sourceTree = "<group>"; };
		D2E257452BDC8D2700411975 /* CustomTabBar.swift */ = {isa = PBXFileReference; lastKnownFileType = sourcecode.swift; path = CustomTabBar.swift; sourceTree = "<group>"; };
		D2E257472BDC8D4D00411975 /* CustomTabBarShiper.swift */ = {isa = PBXFileReference; lastKnownFileType = sourcecode.swift; path = CustomTabBarShiper.swift; sourceTree = "<group>"; };
		D2E2574B2BDC8E5600411975 /* HomeAdminView.swift */ = {isa = PBXFileReference; lastKnownFileType = sourcecode.swift; path = HomeAdminView.swift; sourceTree = "<group>"; };
		D2E2574D2BDC8E6200411975 /* HomeShiperView.swift */ = {isa = PBXFileReference; lastKnownFileType = sourcecode.swift; path = HomeShiperView.swift; sourceTree = "<group>"; };
		D2E257542BDC906200411975 /* AuthModelView.swift */ = {isa = PBXFileReference; lastKnownFileType = sourcecode.swift; path = AuthModelView.swift; sourceTree = "<group>"; };
		D2E2575A2BDC94AB00411975 /* Launch Screen.storyboard */ = {isa = PBXFileReference; lastKnownFileType = file.storyboard; path = "Launch Screen.storyboard"; sourceTree = "<group>"; };
/* End PBXFileReference section */

/* Begin PBXFrameworksBuildPhase section */
		D2CC5E6C2BDBA1A300D38727 /* Frameworks */ = {
			isa = PBXFrameworksBuildPhase;
			buildActionMask = 2147483647;
			files = (
				D2CC5EB32BDBA2EB00D38727 /* FirebaseDatabase in Frameworks */,
				D2CC5EC12BDBA2EB00D38727 /* FirebaseFunctionsCombine-Community in Frameworks */,
				D2CC5EB92BDBA2EB00D38727 /* FirebaseFirestore in Frameworks */,
				D2CC5EA52BDBA2EB00D38727 /* FirebaseAnalyticsSwift in Frameworks */,
				D2CC5EA12BDBA2EB00D38727 /* FirebaseAnalytics in Frameworks */,
				D2CC5EA32BDBA2EB00D38727 /* FirebaseAnalyticsOnDeviceConversion in Frameworks */,
				D2CC5EC92BDBA2EB00D38727 /* FirebaseMLModelDownloader in Frameworks */,
				D2CC5EBD2BDBA2EB00D38727 /* FirebaseFirestoreSwift in Frameworks */,
				D2CC5EA92BDBA2EB00D38727 /* FirebaseAppCheck in Frameworks */,
				D2CC5EA72BDBA2EB00D38727 /* FirebaseAnalyticsWithoutAdIdSupport in Frameworks */,
				D2CC5EAD2BDBA2EB00D38727 /* FirebaseAuth in Frameworks */,
				D2CC5EB12BDBA2EB00D38727 /* FirebaseCrashlytics in Frameworks */,
				D2CC5ED12BDBA2EB00D38727 /* FirebaseRemoteConfigSwift in Frameworks */,
				D2CC5EC32BDBA2EB00D38727 /* FirebaseInAppMessaging-Beta in Frameworks */,
				D2CC5EB52BDBA2EB00D38727 /* FirebaseDatabaseSwift in Frameworks */,
				D2CC5EBF2BDBA2EB00D38727 /* FirebaseFunctions in Frameworks */,
				D2CC5ED52BDBA2EB00D38727 /* FirebaseStorageCombine-Community in Frameworks */,
				D2CC5ECF2BDBA2EB00D38727 /* FirebaseRemoteConfig in Frameworks */,
				D2CC5EAB2BDBA2EB00D38727 /* FirebaseAppDistribution-Beta in Frameworks */,
				D2CC5EAF2BDBA2EB00D38727 /* FirebaseAuthCombine-Community in Frameworks */,
				D2CC5ECD2BDBA2EB00D38727 /* FirebasePerformance in Frameworks */,
				D2CC5EC52BDBA2EB00D38727 /* FirebaseInAppMessagingSwift-Beta in Frameworks */,
				D2CC5ED32BDBA2EB00D38727 /* FirebaseStorage in Frameworks */,
				D2CC5EB72BDBA2EB00D38727 /* FirebaseDynamicLinks in Frameworks */,
				D2CC5EBB2BDBA2EB00D38727 /* FirebaseFirestoreCombine-Community in Frameworks */,
				D2CC5ECB2BDBA2EB00D38727 /* FirebaseMessaging in Frameworks */,
				D2CC5EC72BDBA2EB00D38727 /* FirebaseInstallations in Frameworks */,
			);
			runOnlyForDeploymentPostprocessing = 0;
		};
		D2CC5E7D2BDBA1A600D38727 /* Frameworks */ = {
			isa = PBXFrameworksBuildPhase;
			buildActionMask = 2147483647;
			files = (
			);
			runOnlyForDeploymentPostprocessing = 0;
		};
		D2CC5E872BDBA1A600D38727 /* Frameworks */ = {
			isa = PBXFrameworksBuildPhase;
			buildActionMask = 2147483647;
			files = (
			);
			runOnlyForDeploymentPostprocessing = 0;
		};
/* End PBXFrameworksBuildPhase section */

/* Begin PBXGroup section */
		D24E5E0B2BDE4E6A00821321 /* DiscountManager */ = {
			isa = PBXGroup;
			children = (
				D24E5E0C2BDE4E8800821321 /* DiscountManagerView.swift */,
				D2AD4B8F2BDEA3470043FBFC /* DiscountItemList.swift */,
				D2AD4B912BDEA3DF0043FBFC /* DetailDisount.swift */,
			);
			path = DiscountManager;
			sourceTree = "<group>";
		};
		D2A36BF82BDF475D00CB05BC /* Setting */ = {
			isa = PBXGroup;
			children = (
				D2A36BF92BDF476E00CB05BC /* SettingView.swift */,
			);
			path = Setting;
			sourceTree = "<group>";
		};
		D2A7A2342BDF313100B0694F /* Verify */ = {
			isa = PBXGroup;
			children = (
				D2A7A2352BDF314100B0694F /* VerifyView.swift */,
				D2A7A23B2BDF3AAD00B0694F /* VerifyShiper.swift */,
				D2A7A23D2BDF3ABB00B0694F /* ShiperItem.swift */,
				D2A7A2452BDF3FA600B0694F /* DetailShiper.swift */,
			);
			path = Verify;
			sourceTree = "<group>";
		};
		D2BA1AF22BDFCC7B001BD00D /* Shipping */ = {
			isa = PBXGroup;
			children = (
				D2BA1AF32BDFCC8D001BD00D /* ShippingView.swift */,
				D2BA1AF52BDFCD68001BD00D /* MapView.swift */,
			);
			path = Shipping;
			sourceTree = "<group>";
		};
		D2CC5E662BDBA1A300D38727 = {
			isa = PBXGroup;
			children = (
				D28C63052BDD4E11002D8E80 /* GoogleService-Info.plist */,
				D2CC5E712BDBA1A300D38727 /* AdminShipperApp */,
				D2CC5E832BDBA1A600D38727 /* AdminShipperAppTests */,
				D2CC5E8D2BDBA1A600D38727 /* AdminShipperAppUITests */,
				D2CC5E702BDBA1A300D38727 /* Products */,
			);
			sourceTree = "<group>";
		};
		D2CC5E702BDBA1A300D38727 /* Products */ = {
			isa = PBXGroup;
			children = (
				D2CC5E6F2BDBA1A300D38727 /* AdminShipperApp.app */,
				D2CC5E802BDBA1A600D38727 /* AdminShipperAppTests.xctest */,
				D2CC5E8A2BDBA1A600D38727 /* AdminShipperAppUITests.xctest */,
			);
			name = Products;
			sourceTree = "<group>";
		};
		D2CC5E712BDBA1A300D38727 /* AdminShipperApp */ = {
			isa = PBXGroup;
			children = (
				D2CC5EDA2BDBA39100D38727 /* Common */,
				D2CC5ED92BDBA33A00D38727 /* UI */,
				D2CC5ED82BDBA33200D38727 /* ModelViews */,
				D2CC5ED72BDBA32900D38727 /* Models */,
				D2CC5ED62BDBA31F00D38727 /* Modules */,
				D2CC5E722BDBA1A300D38727 /* AdminShipperAppApp.swift */,
				D2CC5E742BDBA1A300D38727 /* ContentView.swift */,
				D2CC5E782BDBA1A500D38727 /* AdminShipperApp.entitlements */,
				D2CC5E792BDBA1A500D38727 /* Preview Content */,
			);
			path = AdminShipperApp;
			sourceTree = "<group>";
		};
		D2CC5E792BDBA1A500D38727 /* Preview Content */ = {
			isa = PBXGroup;
			children = (
				D2CC5E7A2BDBA1A500D38727 /* Preview Assets.xcassets */,
			);
			path = "Preview Content";
			sourceTree = "<group>";
		};
		D2CC5E832BDBA1A600D38727 /* AdminShipperAppTests */ = {
			isa = PBXGroup;
			children = (
				D2CC5E842BDBA1A600D38727 /* AdminShipperAppTests.swift */,
			);
			path = AdminShipperAppTests;
			sourceTree = "<group>";
		};
		D2CC5E8D2BDBA1A600D38727 /* AdminShipperAppUITests */ = {
			isa = PBXGroup;
			children = (
				D2CC5E8E2BDBA1A600D38727 /* AdminShipperAppUITests.swift */,
				D2CC5E902BDBA1A600D38727 /* AdminShipperAppUITestsLaunchTests.swift */,
			);
			path = AdminShipperAppUITests;
			sourceTree = "<group>";
		};
		D2CC5ED62BDBA31F00D38727 /* Modules */ = {
			isa = PBXGroup;
			children = (
				D2BA1AF22BDFCC7B001BD00D /* Shipping */,
				D2A36BF82BDF475D00CB05BC /* Setting */,
				D2A7A2342BDF313100B0694F /* Verify */,
				D24E5E0B2BDE4E6A00821321 /* DiscountManager */,
				D2E257592BDC93D200411975 /* ResetPassword */,
				D2E257582BDC93B500411975 /* WelcomeView */,
				D2E257572BDC936E00411975 /* Register */,
				D2E257562BDC936300411975 /* LogIn */,
				D2E257512BDC8E8F00411975 /* OrderManager */,
				D2E257502BDC8E7800411975 /* ProductManager */,
				D2E2574F2BDC8E6900411975 /* CategoryManager */,
				D2E2574A2BDC8E4100411975 /* HomeShiper */,
				D2E257492BDC8E3800411975 /* HomeAdmin */,
			);
			path = Modules;
			sourceTree = "<group>";
		};
		D2CC5ED72BDBA32900D38727 /* Models */ = {
			isa = PBXGroup;
			children = (
				D22383E12BDDE37000CBAD14 /* Category.swift */,
				D24E5E102BDE4F1300821321 /* Discount.swift */,
				D2A7A23F2BDF3AEA00B0694F /* Shiper.swift */,
				D2B37D312BDF8578009CAC90 /* Order.swift */,
			);
			path = Models;
			sourceTree = "<group>";
		};
		D2CC5ED82BDBA33200D38727 /* ModelViews */ = {
			isa = PBXGroup;
			children = (
				D2A7A2432BDF3D1900B0694F /* ShiperMV.swift */,
				D2E257542BDC906200411975 /* AuthModelView.swift */,
				D22383E32BDDE3B800CBAD14 /* CategoryMV.swift */,
				D24E5E052BDE433D00821321 /* ProductMV.swift */,
				D24E5E0E2BDE4EE800821321 /* DiscountMV.swift */,
				D2B37D332BDF8593009CAC90 /* OrderMV.swift */,
			);
			path = ModelViews;
			sourceTree = "<group>";
		};
		D2CC5ED92BDBA33A00D38727 /* UI */ = {
			isa = PBXGroup;
			children = (
				D2E257452BDC8D2700411975 /* CustomTabBar.swift */,
				D2E257472BDC8D4D00411975 /* CustomTabBarShiper.swift */,
				D252FC672BDCDB5200E9F2D9 /* ListImages.swift */,
				D252FC6F2BDCE1A500E9F2D9 /* HeaderSignIn.swift */,
			);
			path = UI;
			sourceTree = "<group>";
		};
		D2CC5EDA2BDBA39100D38727 /* Common */ = {
			isa = PBXGroup;
			children = (
				D2CC5EDB2BDBA39800D38727 /* Resource */,
				D2E2575A2BDC94AB00411975 /* Launch Screen.storyboard */,
			);
			path = Common;
			sourceTree = "<group>";
		};
		D2CC5EDB2BDBA39800D38727 /* Resource */ = {
			isa = PBXGroup;
			children = (
				D2CC5E762BDBA1A500D38727 /* Assets.xcassets */,
			);
			path = Resource;
			sourceTree = "<group>";
		};
		D2E257492BDC8E3800411975 /* HomeAdmin */ = {
			isa = PBXGroup;
			children = (
				D2E2574B2BDC8E5600411975 /* HomeAdminView.swift */,
				D22383DB2BDDD94400CBAD14 /* TabBarAdminView.swift */,
			);
			path = HomeAdmin;
			sourceTree = "<group>";
		};
		D2E2574A2BDC8E4100411975 /* HomeShiper */ = {
			isa = PBXGroup;
			children = (
				D2E2574D2BDC8E6200411975 /* HomeShiperView.swift */,
				D2A7A2392BDF341400B0694F /* TabBarShiperView.swift */,
				D2BA1AF02BDFC846001BD00D /* DetailShippingView.swift */,
			);
			path = HomeShiper;
			sourceTree = "<group>";
		};
		D2E2574F2BDC8E6900411975 /* CategoryManager */ = {
			isa = PBXGroup;
			children = (
				D22383DF2BDDE22300CBAD14 /* CategoryManagerView.swift */,
				D22383E52BDDE55C00CBAD14 /* CategoryItemList.swift */,
				D24E5E012BDE316700821321 /* DetailCategory.swift */,
			);
			path = CategoryManager;
			sourceTree = "<group>";
		};
		D2E257502BDC8E7800411975 /* ProductManager */ = {
			isa = PBXGroup;
			children = (
				D24E5E032BDE382E00821321 /* ProductManagerView.swift */,
				D24E5E072BDE439E00821321 /* ProductItemList.swift */,
				D24E5E092BDE45F800821321 /* DetailProduct.swift */,
			);
			path = ProductManager;
			sourceTree = "<group>";
		};
		D2E257512BDC8E8F00411975 /* OrderManager */ = {
			isa = PBXGroup;
			children = (
				D2B37D352BDF8C9F009CAC90 /* OrderManagerView.swift */,
				D2B37D372BDF8DB1009CAC90 /* OrderDetail.swift */,
				D2B37D392BDF8DBC009CAC90 /* ItemOrderList.swift */,
			);
			path = OrderManager;
			sourceTree = "<group>";
		};
		D2E257562BDC936300411975 /* LogIn */ = {
			isa = PBXGroup;
			children = (
				D252FC6D2BDCE16800E9F2D9 /* SignIn.swift */,
			);
			path = LogIn;
			sourceTree = "<group>";
		};
		D2E257572BDC936E00411975 /* Register */ = {
			isa = PBXGroup;
			children = (
				D252FC6B2BDCE15D00E9F2D9 /* SignUp.swift */,
			);
			path = Register;
			sourceTree = "<group>";
		};
		D2E257582BDC93B500411975 /* WelcomeView */ = {
			isa = PBXGroup;
			children = (
				D252FC692BDCDC5900E9F2D9 /* WelcomeView.swift */,
			);
			path = WelcomeView;
			sourceTree = "<group>";
		};
		D2E257592BDC93D200411975 /* ResetPassword */ = {
			isa = PBXGroup;
			children = (
				D252FC712BDCEFDC00E9F2D9 /* ForgotpasswordView.swift */,
			);
			path = ResetPassword;
			sourceTree = "<group>";
		};
/* End PBXGroup section */

/* Begin PBXNativeTarget section */
		D2CC5E6E2BDBA1A300D38727 /* AdminShipperApp */ = {
			isa = PBXNativeTarget;
			buildConfigurationList = D2CC5E942BDBA1A600D38727 /* Build configuration list for PBXNativeTarget "AdminShipperApp" */;
			buildPhases = (
				D2CC5E6B2BDBA1A300D38727 /* Sources */,
				D2CC5E6C2BDBA1A300D38727 /* Frameworks */,
				D2CC5E6D2BDBA1A300D38727 /* Resources */,
			);
			buildRules = (
			);
			dependencies = (
			);
			name = AdminShipperApp;
			packageProductDependencies = (
				D2CC5EA02BDBA2EB00D38727 /* FirebaseAnalytics */,
				D2CC5EA22BDBA2EB00D38727 /* FirebaseAnalyticsOnDeviceConversion */,
				D2CC5EA42BDBA2EB00D38727 /* FirebaseAnalyticsSwift */,
				D2CC5EA62BDBA2EB00D38727 /* FirebaseAnalyticsWithoutAdIdSupport */,
				D2CC5EA82BDBA2EB00D38727 /* FirebaseAppCheck */,
				D2CC5EAA2BDBA2EB00D38727 /* FirebaseAppDistribution-Beta */,
				D2CC5EAC2BDBA2EB00D38727 /* FirebaseAuth */,
				D2CC5EAE2BDBA2EB00D38727 /* FirebaseAuthCombine-Community */,
				D2CC5EB02BDBA2EB00D38727 /* FirebaseCrashlytics */,
				D2CC5EB22BDBA2EB00D38727 /* FirebaseDatabase */,
				D2CC5EB42BDBA2EB00D38727 /* FirebaseDatabaseSwift */,
				D2CC5EB62BDBA2EB00D38727 /* FirebaseDynamicLinks */,
				D2CC5EB82BDBA2EB00D38727 /* FirebaseFirestore */,
				D2CC5EBA2BDBA2EB00D38727 /* FirebaseFirestoreCombine-Community */,
				D2CC5EBC2BDBA2EB00D38727 /* FirebaseFirestoreSwift */,
				D2CC5EBE2BDBA2EB00D38727 /* FirebaseFunctions */,
				D2CC5EC02BDBA2EB00D38727 /* FirebaseFunctionsCombine-Community */,
				D2CC5EC22BDBA2EB00D38727 /* FirebaseInAppMessaging-Beta */,
				D2CC5EC42BDBA2EB00D38727 /* FirebaseInAppMessagingSwift-Beta */,
				D2CC5EC62BDBA2EB00D38727 /* FirebaseInstallations */,
				D2CC5EC82BDBA2EB00D38727 /* FirebaseMLModelDownloader */,
				D2CC5ECA2BDBA2EB00D38727 /* FirebaseMessaging */,
				D2CC5ECC2BDBA2EB00D38727 /* FirebasePerformance */,
				D2CC5ECE2BDBA2EB00D38727 /* FirebaseRemoteConfig */,
				D2CC5ED02BDBA2EB00D38727 /* FirebaseRemoteConfigSwift */,
				D2CC5ED22BDBA2EB00D38727 /* FirebaseStorage */,
				D2CC5ED42BDBA2EB00D38727 /* FirebaseStorageCombine-Community */,
			);
			productName = AdminShipperApp;
			productReference = D2CC5E6F2BDBA1A300D38727 /* AdminShipperApp.app */;
			productType = "com.apple.product-type.application";
		};
		D2CC5E7F2BDBA1A600D38727 /* AdminShipperAppTests */ = {
			isa = PBXNativeTarget;
			buildConfigurationList = D2CC5E972BDBA1A600D38727 /* Build configuration list for PBXNativeTarget "AdminShipperAppTests" */;
			buildPhases = (
				D2CC5E7C2BDBA1A600D38727 /* Sources */,
				D2CC5E7D2BDBA1A600D38727 /* Frameworks */,
				D2CC5E7E2BDBA1A600D38727 /* Resources */,
			);
			buildRules = (
			);
			dependencies = (
				D2CC5E822BDBA1A600D38727 /* PBXTargetDependency */,
			);
			name = AdminShipperAppTests;
			productName = AdminShipperAppTests;
			productReference = D2CC5E802BDBA1A600D38727 /* AdminShipperAppTests.xctest */;
			productType = "com.apple.product-type.bundle.unit-test";
		};
		D2CC5E892BDBA1A600D38727 /* AdminShipperAppUITests */ = {
			isa = PBXNativeTarget;
			buildConfigurationList = D2CC5E9A2BDBA1A600D38727 /* Build configuration list for PBXNativeTarget "AdminShipperAppUITests" */;
			buildPhases = (
				D2CC5E862BDBA1A600D38727 /* Sources */,
				D2CC5E872BDBA1A600D38727 /* Frameworks */,
				D2CC5E882BDBA1A600D38727 /* Resources */,
			);
			buildRules = (
			);
			dependencies = (
				D2CC5E8C2BDBA1A600D38727 /* PBXTargetDependency */,
			);
			name = AdminShipperAppUITests;
			productName = AdminShipperAppUITests;
			productReference = D2CC5E8A2BDBA1A600D38727 /* AdminShipperAppUITests.xctest */;
			productType = "com.apple.product-type.bundle.ui-testing";
		};
/* End PBXNativeTarget section */

/* Begin PBXProject section */
		D2CC5E672BDBA1A300D38727 /* Project object */ = {
			isa = PBXProject;
			attributes = {
				BuildIndependentTargetsInParallel = 1;
				LastSwiftUpdateCheck = 1530;
				LastUpgradeCheck = 1530;
				TargetAttributes = {
					D2CC5E6E2BDBA1A300D38727 = {
						CreatedOnToolsVersion = 15.3;
					};
					D2CC5E7F2BDBA1A600D38727 = {
						CreatedOnToolsVersion = 15.3;
						TestTargetID = D2CC5E6E2BDBA1A300D38727;
					};
					D2CC5E892BDBA1A600D38727 = {
						CreatedOnToolsVersion = 15.3;
						TestTargetID = D2CC5E6E2BDBA1A300D38727;
					};
				};
			};
			buildConfigurationList = D2CC5E6A2BDBA1A300D38727 /* Build configuration list for PBXProject "AdminShipperApp" */;
			compatibilityVersion = "Xcode 14.0";
			developmentRegion = en;
			hasScannedForEncodings = 0;
			knownRegions = (
				en,
				Base,
			);
			mainGroup = D2CC5E662BDBA1A300D38727;
			packageReferences = (
				D2CC5E9F2BDBA2EB00D38727 /* XCRemoteSwiftPackageReference "firebase-ios-sdk" */,
			);
			productRefGroup = D2CC5E702BDBA1A300D38727 /* Products */;
			projectDirPath = "";
			projectRoot = "";
			targets = (
				D2CC5E6E2BDBA1A300D38727 /* AdminShipperApp */,
				D2CC5E7F2BDBA1A600D38727 /* AdminShipperAppTests */,
				D2CC5E892BDBA1A600D38727 /* AdminShipperAppUITests */,
			);
		};
/* End PBXProject section */

/* Begin PBXResourcesBuildPhase section */
		D2CC5E6D2BDBA1A300D38727 /* Resources */ = {
			isa = PBXResourcesBuildPhase;
			buildActionMask = 2147483647;
			files = (
				D28C63062BDD4E11002D8E80 /* GoogleService-Info.plist in Resources */,
				D2CC5E7B2BDBA1A500D38727 /* Preview Assets.xcassets in Resources */,
				D2E2575B2BDC94AC00411975 /* Launch Screen.storyboard in Resources */,
				D2CC5E772BDBA1A500D38727 /* Assets.xcassets in Resources */,
			);
			runOnlyForDeploymentPostprocessing = 0;
		};
		D2CC5E7E2BDBA1A600D38727 /* Resources */ = {
			isa = PBXResourcesBuildPhase;
			buildActionMask = 2147483647;
			files = (
			);
			runOnlyForDeploymentPostprocessing = 0;
		};
		D2CC5E882BDBA1A600D38727 /* Resources */ = {
			isa = PBXResourcesBuildPhase;
			buildActionMask = 2147483647;
			files = (
			);
			runOnlyForDeploymentPostprocessing = 0;
		};
/* End PBXResourcesBuildPhase section */

/* Begin PBXSourcesBuildPhase section */
		D2CC5E6B2BDBA1A300D38727 /* Sources */ = {
			isa = PBXSourcesBuildPhase;
			buildActionMask = 2147483647;
			files = (
				D252FC722BDCEFDC00E9F2D9 /* ForgotpasswordView.swift in Sources */,
				D2E2574E2BDC8E6200411975 /* HomeShiperView.swift in Sources */,
				D2E2574C2BDC8E5600411975 /* HomeAdminView.swift in Sources */,
				D2B37D342BDF8593009CAC90 /* OrderMV.swift in Sources */,
				D2CC5E752BDBA1A300D38727 /* ContentView.swift in Sources */,
				D2BA1AF12BDFC846001BD00D /* DetailShippingView.swift in Sources */,
				D252FC6E2BDCE16800E9F2D9 /* SignIn.swift in Sources */,
				D2A7A23E2BDF3ABB00B0694F /* ShiperItem.swift in Sources */,
				D24E5E062BDE433D00821321 /* ProductMV.swift in Sources */,
				D2A7A2362BDF314100B0694F /* VerifyView.swift in Sources */,
				D24E5E112BDE4F1300821321 /* Discount.swift in Sources */,
				D2AD4B922BDEA3DF0043FBFC /* DetailDisount.swift in Sources */,
				D2A7A23A2BDF341400B0694F /* TabBarShiperView.swift in Sources */,
				D2A7A23C2BDF3AAD00B0694F /* VerifyShiper.swift in Sources */,
				D2E257482BDC8D4D00411975 /* CustomTabBarShiper.swift in Sources */,
				D252FC6A2BDCDC5900E9F2D9 /* WelcomeView.swift in Sources */,
				D2B37D362BDF8C9F009CAC90 /* OrderManagerView.swift in Sources */,
				D24E5E022BDE316700821321 /* DetailCategory.swift in Sources */,
				D2A7A2442BDF3D1900B0694F /* ShiperMV.swift in Sources */,
				D22383E22BDDE37000CBAD14 /* Category.swift in Sources */,
				D24E5E082BDE439E00821321 /* ProductItemList.swift in Sources */,
				D24E5E0D2BDE4E8800821321 /* DiscountManagerView.swift in Sources */,
				D2A7A2462BDF3FA600B0694F /* DetailShiper.swift in Sources */,
				D2A7A2402BDF3AEA00B0694F /* Shiper.swift in Sources */,
				D2A36BFA2BDF476E00CB05BC /* SettingView.swift in Sources */,
				D2BA1AF62BDFCD68001BD00D /* MapView.swift in Sources */,
				D22383E62BDDE55C00CBAD14 /* CategoryItemList.swift in Sources */,
				D24E5E042BDE382E00821321 /* ProductManagerView.swift in Sources */,
				D252FC702BDCE1A500E9F2D9 /* HeaderSignIn.swift in Sources */,
				D24E5E0A2BDE45F800821321 /* DetailProduct.swift in Sources */,
				D2E257462BDC8D2700411975 /* CustomTabBar.swift in Sources */,
				D252FC682BDCDB5200E9F2D9 /* ListImages.swift in Sources */,
				D22383E02BDDE22300CBAD14 /* CategoryManagerView.swift in Sources */,
				D2AD4B902BDEA3470043FBFC /* DiscountItemList.swift in Sources */,
				D2B37D3A2BDF8DBC009CAC90 /* ItemOrderList.swift in Sources */,
				D2CC5E732BDBA1A300D38727 /* AdminShipperAppApp.swift in Sources */,
				D2BA1AF42BDFCC8D001BD00D /* ShippingView.swift in Sources */,
				D2B37D322BDF8578009CAC90 /* Order.swift in Sources */,
				D22383E42BDDE3B800CBAD14 /* CategoryMV.swift in Sources */,
				D2B37D382BDF8DB1009CAC90 /* OrderDetail.swift in Sources */,
				D2E257552BDC906200411975 /* AuthModelView.swift in Sources */,
				D22383DC2BDDD94400CBAD14 /* TabBarAdminView.swift in Sources */,
				D252FC6C2BDCE15D00E9F2D9 /* SignUp.swift in Sources */,
				D24E5E0F2BDE4EE800821321 /* DiscountMV.swift in Sources */,
			);
			runOnlyForDeploymentPostprocessing = 0;
		};
		D2CC5E7C2BDBA1A600D38727 /* Sources */ = {
			isa = PBXSourcesBuildPhase;
			buildActionMask = 2147483647;
			files = (
				D2CC5E852BDBA1A600D38727 /* AdminShipperAppTests.swift in Sources */,
			);
			runOnlyForDeploymentPostprocessing = 0;
		};
		D2CC5E862BDBA1A600D38727 /* Sources */ = {
			isa = PBXSourcesBuildPhase;
			buildActionMask = 2147483647;
			files = (
				D2CC5E912BDBA1A600D38727 /* AdminShipperAppUITestsLaunchTests.swift in Sources */,
				D2CC5E8F2BDBA1A600D38727 /* AdminShipperAppUITests.swift in Sources */,
			);
			runOnlyForDeploymentPostprocessing = 0;
		};
/* End PBXSourcesBuildPhase section */

/* Begin PBXTargetDependency section */
		D2CC5E822BDBA1A600D38727 /* PBXTargetDependency */ = {
			isa = PBXTargetDependency;
			target = D2CC5E6E2BDBA1A300D38727 /* AdminShipperApp */;
			targetProxy = D2CC5E812BDBA1A600D38727 /* PBXContainerItemProxy */;
		};
		D2CC5E8C2BDBA1A600D38727 /* PBXTargetDependency */ = {
			isa = PBXTargetDependency;
			target = D2CC5E6E2BDBA1A300D38727 /* AdminShipperApp */;
			targetProxy = D2CC5E8B2BDBA1A600D38727 /* PBXContainerItemProxy */;
		};
/* End PBXTargetDependency section */

/* Begin XCBuildConfiguration section */
		D2CC5E922BDBA1A600D38727 /* Debug */ = {
			isa = XCBuildConfiguration;
			buildSettings = {
				ALWAYS_SEARCH_USER_PATHS = NO;
				ASSETCATALOG_COMPILER_GENERATE_SWIFT_ASSET_SYMBOL_EXTENSIONS = YES;
				CLANG_ANALYZER_NONNULL = YES;
				CLANG_ANALYZER_NUMBER_OBJECT_CONVERSION = YES_AGGRESSIVE;
				CLANG_CXX_LANGUAGE_STANDARD = "gnu++20";
				CLANG_ENABLE_MODULES = YES;
				CLANG_ENABLE_OBJC_ARC = YES;
				CLANG_ENABLE_OBJC_WEAK = YES;
				CLANG_WARN_BLOCK_CAPTURE_AUTORELEASING = YES;
				CLANG_WARN_BOOL_CONVERSION = YES;
				CLANG_WARN_COMMA = YES;
				CLANG_WARN_CONSTANT_CONVERSION = YES;
				CLANG_WARN_DEPRECATED_OBJC_IMPLEMENTATIONS = YES;
				CLANG_WARN_DIRECT_OBJC_ISA_USAGE = YES_ERROR;
				CLANG_WARN_DOCUMENTATION_COMMENTS = YES;
				CLANG_WARN_EMPTY_BODY = YES;
				CLANG_WARN_ENUM_CONVERSION = YES;
				CLANG_WARN_INFINITE_RECURSION = YES;
				CLANG_WARN_INT_CONVERSION = YES;
				CLANG_WARN_NON_LITERAL_NULL_CONVERSION = YES;
				CLANG_WARN_OBJC_IMPLICIT_RETAIN_SELF = YES;
				CLANG_WARN_OBJC_LITERAL_CONVERSION = YES;
				CLANG_WARN_OBJC_ROOT_CLASS = YES_ERROR;
				CLANG_WARN_QUOTED_INCLUDE_IN_FRAMEWORK_HEADER = YES;
				CLANG_WARN_RANGE_LOOP_ANALYSIS = YES;
				CLANG_WARN_STRICT_PROTOTYPES = YES;
				CLANG_WARN_SUSPICIOUS_MOVE = YES;
				CLANG_WARN_UNGUARDED_AVAILABILITY = YES_AGGRESSIVE;
				CLANG_WARN_UNREACHABLE_CODE = YES;
				CLANG_WARN__DUPLICATE_METHOD_MATCH = YES;
				COPY_PHASE_STRIP = NO;
				DEBUG_INFORMATION_FORMAT = dwarf;
				ENABLE_STRICT_OBJC_MSGSEND = YES;
				ENABLE_TESTABILITY = YES;
				ENABLE_USER_SCRIPT_SANDBOXING = YES;
				GCC_C_LANGUAGE_STANDARD = gnu17;
				GCC_DYNAMIC_NO_PIC = NO;
				GCC_NO_COMMON_BLOCKS = YES;
				GCC_OPTIMIZATION_LEVEL = 0;
				GCC_PREPROCESSOR_DEFINITIONS = (
					"DEBUG=1",
					"$(inherited)",
				);
				GCC_WARN_64_TO_32_BIT_CONVERSION = YES;
				GCC_WARN_ABOUT_RETURN_TYPE = YES_ERROR;
				GCC_WARN_UNDECLARED_SELECTOR = YES;
				GCC_WARN_UNINITIALIZED_AUTOS = YES_AGGRESSIVE;
				GCC_WARN_UNUSED_FUNCTION = YES;
				GCC_WARN_UNUSED_VARIABLE = YES;
				LOCALIZATION_PREFERS_STRING_CATALOGS = YES;
				MTL_ENABLE_DEBUG_INFO = INCLUDE_SOURCE;
				MTL_FAST_MATH = YES;
				ONLY_ACTIVE_ARCH = YES;
				SWIFT_ACTIVE_COMPILATION_CONDITIONS = "DEBUG $(inherited)";
				SWIFT_OPTIMIZATION_LEVEL = "-Onone";
			};
			name = Debug;
		};
		D2CC5E932BDBA1A600D38727 /* Release */ = {
			isa = XCBuildConfiguration;
			buildSettings = {
				ALWAYS_SEARCH_USER_PATHS = NO;
				ASSETCATALOG_COMPILER_GENERATE_SWIFT_ASSET_SYMBOL_EXTENSIONS = YES;
				CLANG_ANALYZER_NONNULL = YES;
				CLANG_ANALYZER_NUMBER_OBJECT_CONVERSION = YES_AGGRESSIVE;
				CLANG_CXX_LANGUAGE_STANDARD = "gnu++20";
				CLANG_ENABLE_MODULES = YES;
				CLANG_ENABLE_OBJC_ARC = YES;
				CLANG_ENABLE_OBJC_WEAK = YES;
				CLANG_WARN_BLOCK_CAPTURE_AUTORELEASING = YES;
				CLANG_WARN_BOOL_CONVERSION = YES;
				CLANG_WARN_COMMA = YES;
				CLANG_WARN_CONSTANT_CONVERSION = YES;
				CLANG_WARN_DEPRECATED_OBJC_IMPLEMENTATIONS = YES;
				CLANG_WARN_DIRECT_OBJC_ISA_USAGE = YES_ERROR;
				CLANG_WARN_DOCUMENTATION_COMMENTS = YES;
				CLANG_WARN_EMPTY_BODY = YES;
				CLANG_WARN_ENUM_CONVERSION = YES;
				CLANG_WARN_INFINITE_RECURSION = YES;
				CLANG_WARN_INT_CONVERSION = YES;
				CLANG_WARN_NON_LITERAL_NULL_CONVERSION = YES;
				CLANG_WARN_OBJC_IMPLICIT_RETAIN_SELF = YES;
				CLANG_WARN_OBJC_LITERAL_CONVERSION = YES;
				CLANG_WARN_OBJC_ROOT_CLASS = YES_ERROR;
				CLANG_WARN_QUOTED_INCLUDE_IN_FRAMEWORK_HEADER = YES;
				CLANG_WARN_RANGE_LOOP_ANALYSIS = YES;
				CLANG_WARN_STRICT_PROTOTYPES = YES;
				CLANG_WARN_SUSPICIOUS_MOVE = YES;
				CLANG_WARN_UNGUARDED_AVAILABILITY = YES_AGGRESSIVE;
				CLANG_WARN_UNREACHABLE_CODE = YES;
				CLANG_WARN__DUPLICATE_METHOD_MATCH = YES;
				COPY_PHASE_STRIP = NO;
				DEBUG_INFORMATION_FORMAT = "dwarf-with-dsym";
				ENABLE_NS_ASSERTIONS = NO;
				ENABLE_STRICT_OBJC_MSGSEND = YES;
				ENABLE_USER_SCRIPT_SANDBOXING = YES;
				GCC_C_LANGUAGE_STANDARD = gnu17;
				GCC_NO_COMMON_BLOCKS = YES;
				GCC_WARN_64_TO_32_BIT_CONVERSION = YES;
				GCC_WARN_ABOUT_RETURN_TYPE = YES_ERROR;
				GCC_WARN_UNDECLARED_SELECTOR = YES;
				GCC_WARN_UNINITIALIZED_AUTOS = YES_AGGRESSIVE;
				GCC_WARN_UNUSED_FUNCTION = YES;
				GCC_WARN_UNUSED_VARIABLE = YES;
				LOCALIZATION_PREFERS_STRING_CATALOGS = YES;
				MTL_ENABLE_DEBUG_INFO = NO;
				MTL_FAST_MATH = YES;
				SWIFT_COMPILATION_MODE = wholemodule;
			};
			name = Release;
		};
		D2CC5E952BDBA1A600D38727 /* Debug */ = {
			isa = XCBuildConfiguration;
			buildSettings = {
				ASSETCATALOG_COMPILER_APPICON_NAME = AppIcon;
				ASSETCATALOG_COMPILER_GLOBAL_ACCENT_COLOR_NAME = AccentColor;
				CODE_SIGN_ENTITLEMENTS = AdminShipperApp/AdminShipperApp.entitlements;
				CODE_SIGN_STYLE = Automatic;
				CURRENT_PROJECT_VERSION = 1;
				DEVELOPMENT_ASSET_PATHS = "\"AdminShipperApp/Preview Content\"";
				DEVELOPMENT_TEAM = YAH93RZF3C;
				ENABLE_HARDENED_RUNTIME = YES;
				ENABLE_PREVIEWS = YES;
				GENERATE_INFOPLIST_FILE = YES;
				INFOPLIST_KEY_NSLocationWhenInUseUsageDescription = "we want to sell your location history and profit";
				"INFOPLIST_KEY_UIApplicationSceneManifest_Generation[sdk=iphoneos*]" = YES;
				"INFOPLIST_KEY_UIApplicationSceneManifest_Generation[sdk=iphonesimulator*]" = YES;
				"INFOPLIST_KEY_UIApplicationSupportsIndirectInputEvents[sdk=iphoneos*]" = YES;
				"INFOPLIST_KEY_UIApplicationSupportsIndirectInputEvents[sdk=iphonesimulator*]" = YES;
				"INFOPLIST_KEY_UILaunchScreen_Generation[sdk=iphoneos*]" = YES;
				"INFOPLIST_KEY_UILaunchScreen_Generation[sdk=iphonesimulator*]" = YES;
				"INFOPLIST_KEY_UIStatusBarStyle[sdk=iphoneos*]" = UIStatusBarStyleDefault;
				"INFOPLIST_KEY_UIStatusBarStyle[sdk=iphonesimulator*]" = UIStatusBarStyleDefault;
				INFOPLIST_KEY_UISupportedInterfaceOrientations_iPad = "UIInterfaceOrientationPortrait UIInterfaceOrientationPortraitUpsideDown UIInterfaceOrientationLandscapeLeft UIInterfaceOrientationLandscapeRight";
				INFOPLIST_KEY_UISupportedInterfaceOrientations_iPhone = "UIInterfaceOrientationPortrait UIInterfaceOrientationLandscapeLeft UIInterfaceOrientationLandscapeRight";
				IPHONEOS_DEPLOYMENT_TARGET = 17.2;
				LD_RUNPATH_SEARCH_PATHS = "@executable_path/Frameworks";
				"LD_RUNPATH_SEARCH_PATHS[sdk=macosx*]" = "@executable_path/../Frameworks";
				MACOSX_DEPLOYMENT_TARGET = 14.2;
				MARKETING_VERSION = 1.0;
				PRODUCT_BUNDLE_IDENTIFIER = com.henrytran1803.AdminShipperApp;
				PRODUCT_NAME = "$(TARGET_NAME)";
				SDKROOT = auto;
				SUPPORTED_PLATFORMS = "iphoneos iphonesimulator macosx";
				SWIFT_EMIT_LOC_STRINGS = YES;
				SWIFT_VERSION = 5.0;
				TARGETED_DEVICE_FAMILY = "1,2";
			};
			name = Debug;
		};
		D2CC5E962BDBA1A600D38727 /* Release */ = {
			isa = XCBuildConfiguration;
			buildSettings = {
				ASSETCATALOG_COMPILER_APPICON_NAME = AppIcon;
				ASSETCATALOG_COMPILER_GLOBAL_ACCENT_COLOR_NAME = AccentColor;
				CODE_SIGN_ENTITLEMENTS = AdminShipperApp/AdminShipperApp.entitlements;
				CODE_SIGN_STYLE = Automatic;
				CURRENT_PROJECT_VERSION = 1;
				DEVELOPMENT_ASSET_PATHS = "\"AdminShipperApp/Preview Content\"";
				DEVELOPMENT_TEAM = YAH93RZF3C;
				ENABLE_HARDENED_RUNTIME = YES;
				ENABLE_PREVIEWS = YES;
				GENERATE_INFOPLIST_FILE = YES;
				INFOPLIST_KEY_NSLocationWhenInUseUsageDescription = "we want to sell your location history and profit";
				"INFOPLIST_KEY_UIApplicationSceneManifest_Generation[sdk=iphoneos*]" = YES;
				"INFOPLIST_KEY_UIApplicationSceneManifest_Generation[sdk=iphonesimulator*]" = YES;
				"INFOPLIST_KEY_UIApplicationSupportsIndirectInputEvents[sdk=iphoneos*]" = YES;
				"INFOPLIST_KEY_UIApplicationSupportsIndirectInputEvents[sdk=iphonesimulator*]" = YES;
				"INFOPLIST_KEY_UILaunchScreen_Generation[sdk=iphoneos*]" = YES;
				"INFOPLIST_KEY_UILaunchScreen_Generation[sdk=iphonesimulator*]" = YES;
				"INFOPLIST_KEY_UIStatusBarStyle[sdk=iphoneos*]" = UIStatusBarStyleDefault;
				"INFOPLIST_KEY_UIStatusBarStyle[sdk=iphonesimulator*]" = UIStatusBarStyleDefault;
				INFOPLIST_KEY_UISupportedInterfaceOrientations_iPad = "UIInterfaceOrientationPortrait UIInterfaceOrientationPortraitUpsideDown UIInterfaceOrientationLandscapeLeft UIInterfaceOrientationLandscapeRight";
				INFOPLIST_KEY_UISupportedInterfaceOrientations_iPhone = "UIInterfaceOrientationPortrait UIInterfaceOrientationLandscapeLeft UIInterfaceOrientationLandscapeRight";
				IPHONEOS_DEPLOYMENT_TARGET = 17.2;
				LD_RUNPATH_SEARCH_PATHS = "@executable_path/Frameworks";
				"LD_RUNPATH_SEARCH_PATHS[sdk=macosx*]" = "@executable_path/../Frameworks";
				MACOSX_DEPLOYMENT_TARGET = 14.2;
				MARKETING_VERSION = 1.0;
				PRODUCT_BUNDLE_IDENTIFIER = com.henrytran1803.AdminShipperApp;
				PRODUCT_NAME = "$(TARGET_NAME)";
				SDKROOT = auto;
				SUPPORTED_PLATFORMS = "iphoneos iphonesimulator macosx";
				SWIFT_EMIT_LOC_STRINGS = YES;
				SWIFT_VERSION = 5.0;
				TARGETED_DEVICE_FAMILY = "1,2";
			};
			name = Release;
		};
		D2CC5E982BDBA1A600D38727 /* Debug */ = {
			isa = XCBuildConfiguration;
			buildSettings = {
				ALWAYS_EMBED_SWIFT_STANDARD_LIBRARIES = YES;
				BUNDLE_LOADER = "$(TEST_HOST)";
				CODE_SIGN_STYLE = Automatic;
				CURRENT_PROJECT_VERSION = 1;
				DEVELOPMENT_TEAM = YAH93RZF3C;
				GENERATE_INFOPLIST_FILE = YES;
				IPHONEOS_DEPLOYMENT_TARGET = 17.4;
				MACOSX_DEPLOYMENT_TARGET = 14.2;
				MARKETING_VERSION = 1.0;
				PRODUCT_BUNDLE_IDENTIFIER = test.AdminShipperAppTests;
				PRODUCT_NAME = "$(TARGET_NAME)";
				SDKROOT = auto;
				SUPPORTED_PLATFORMS = "iphoneos iphonesimulator macosx";
				SWIFT_EMIT_LOC_STRINGS = NO;
				SWIFT_VERSION = 5.0;
				TARGETED_DEVICE_FAMILY = "1,2";
				TEST_HOST = "$(BUILT_PRODUCTS_DIR)/AdminShipperApp.app/$(BUNDLE_EXECUTABLE_FOLDER_PATH)/AdminShipperApp";
			};
			name = Debug;
		};
		D2CC5E992BDBA1A600D38727 /* Release */ = {
			isa = XCBuildConfiguration;
			buildSettings = {
				ALWAYS_EMBED_SWIFT_STANDARD_LIBRARIES = YES;
				BUNDLE_LOADER = "$(TEST_HOST)";
				CODE_SIGN_STYLE = Automatic;
				CURRENT_PROJECT_VERSION = 1;
				DEVELOPMENT_TEAM = YAH93RZF3C;
				GENERATE_INFOPLIST_FILE = YES;
				IPHONEOS_DEPLOYMENT_TARGET = 17.4;
				MACOSX_DEPLOYMENT_TARGET = 14.2;
				MARKETING_VERSION = 1.0;
				PRODUCT_BUNDLE_IDENTIFIER = test.AdminShipperAppTests;
				PRODUCT_NAME = "$(TARGET_NAME)";
				SDKROOT = auto;
				SUPPORTED_PLATFORMS = "iphoneos iphonesimulator macosx";
				SWIFT_EMIT_LOC_STRINGS = NO;
				SWIFT_VERSION = 5.0;
				TARGETED_DEVICE_FAMILY = "1,2";
				TEST_HOST = "$(BUILT_PRODUCTS_DIR)/AdminShipperApp.app/$(BUNDLE_EXECUTABLE_FOLDER_PATH)/AdminShipperApp";
			};
			name = Release;
		};
		D2CC5E9B2BDBA1A600D38727 /* Debug */ = {
			isa = XCBuildConfiguration;
			buildSettings = {
				ALWAYS_EMBED_SWIFT_STANDARD_LIBRARIES = YES;
				CODE_SIGN_STYLE = Automatic;
				CURRENT_PROJECT_VERSION = 1;
				DEVELOPMENT_TEAM = YAH93RZF3C;
				GENERATE_INFOPLIST_FILE = YES;
				IPHONEOS_DEPLOYMENT_TARGET = 17.4;
				MACOSX_DEPLOYMENT_TARGET = 14.2;
				MARKETING_VERSION = 1.0;
				PRODUCT_BUNDLE_IDENTIFIER = test.AdminShipperAppUITests;
				PRODUCT_NAME = "$(TARGET_NAME)";
				SDKROOT = auto;
				SUPPORTED_PLATFORMS = "iphoneos iphonesimulator macosx";
				SWIFT_EMIT_LOC_STRINGS = NO;
				SWIFT_VERSION = 5.0;
				TARGETED_DEVICE_FAMILY = "1,2";
				TEST_TARGET_NAME = AdminShipperApp;
			};
			name = Debug;
		};
		D2CC5E9C2BDBA1A600D38727 /* Release */ = {
			isa = XCBuildConfiguration;
			buildSettings = {
				ALWAYS_EMBED_SWIFT_STANDARD_LIBRARIES = YES;
				CODE_SIGN_STYLE = Automatic;
				CURRENT_PROJECT_VERSION = 1;
				DEVELOPMENT_TEAM = YAH93RZF3C;
				GENERATE_INFOPLIST_FILE = YES;
				IPHONEOS_DEPLOYMENT_TARGET = 17.4;
				MACOSX_DEPLOYMENT_TARGET = 14.2;
				MARKETING_VERSION = 1.0;
				PRODUCT_BUNDLE_IDENTIFIER = test.AdminShipperAppUITests;
				PRODUCT_NAME = "$(TARGET_NAME)";
				SDKROOT = auto;
				SUPPORTED_PLATFORMS = "iphoneos iphonesimulator macosx";
				SWIFT_EMIT_LOC_STRINGS = NO;
				SWIFT_VERSION = 5.0;
				TARGETED_DEVICE_FAMILY = "1,2";
				TEST_TARGET_NAME = AdminShipperApp;
			};
			name = Release;
		};
/* End XCBuildConfiguration section */

/* Begin XCConfigurationList section */
		D2CC5E6A2BDBA1A300D38727 /* Build configuration list for PBXProject "AdminShipperApp" */ = {
			isa = XCConfigurationList;
			buildConfigurations = (
				D2CC5E922BDBA1A600D38727 /* Debug */,
				D2CC5E932BDBA1A600D38727 /* Release */,
			);
			defaultConfigurationIsVisible = 0;
			defaultConfigurationName = Release;
		};
		D2CC5E942BDBA1A600D38727 /* Build configuration list for PBXNativeTarget "AdminShipperApp" */ = {
			isa = XCConfigurationList;
			buildConfigurations = (
				D2CC5E952BDBA1A600D38727 /* Debug */,
				D2CC5E962BDBA1A600D38727 /* Release */,
			);
			defaultConfigurationIsVisible = 0;
			defaultConfigurationName = Release;
		};
		D2CC5E972BDBA1A600D38727 /* Build configuration list for PBXNativeTarget "AdminShipperAppTests" */ = {
			isa = XCConfigurationList;
			buildConfigurations = (
				D2CC5E982BDBA1A600D38727 /* Debug */,
				D2CC5E992BDBA1A600D38727 /* Release */,
			);
			defaultConfigurationIsVisible = 0;
			defaultConfigurationName = Release;
		};
		D2CC5E9A2BDBA1A600D38727 /* Build configuration list for PBXNativeTarget "AdminShipperAppUITests" */ = {
			isa = XCConfigurationList;
			buildConfigurations = (
				D2CC5E9B2BDBA1A600D38727 /* Debug */,
				D2CC5E9C2BDBA1A600D38727 /* Release */,
			);
			defaultConfigurationIsVisible = 0;
			defaultConfigurationName = Release;
		};
/* End XCConfigurationList section */

/* Begin XCRemoteSwiftPackageReference section */
		D2CC5E9F2BDBA2EB00D38727 /* XCRemoteSwiftPackageReference "firebase-ios-sdk" */ = {
			isa = XCRemoteSwiftPackageReference;
			repositoryURL = "https://github.com/firebase/firebase-ios-sdk.git";
			requirement = {
				kind = upToNextMajorVersion;
				minimumVersion = 10.24.0;
			};
		};
/* End XCRemoteSwiftPackageReference section */

/* Begin XCSwiftPackageProductDependency section */
		D2CC5EA02BDBA2EB00D38727 /* FirebaseAnalytics */ = {
			isa = XCSwiftPackageProductDependency;
			package = D2CC5E9F2BDBA2EB00D38727 /* XCRemoteSwiftPackageReference "firebase-ios-sdk" */;
			productName = FirebaseAnalytics;
		};
		D2CC5EA22BDBA2EB00D38727 /* FirebaseAnalyticsOnDeviceConversion */ = {
			isa = XCSwiftPackageProductDependency;
			package = D2CC5E9F2BDBA2EB00D38727 /* XCRemoteSwiftPackageReference "firebase-ios-sdk" */;
			productName = FirebaseAnalyticsOnDeviceConversion;
		};
		D2CC5EA42BDBA2EB00D38727 /* FirebaseAnalyticsSwift */ = {
			isa = XCSwiftPackageProductDependency;
			package = D2CC5E9F2BDBA2EB00D38727 /* XCRemoteSwiftPackageReference "firebase-ios-sdk" */;
			productName = FirebaseAnalyticsSwift;
		};
		D2CC5EA62BDBA2EB00D38727 /* FirebaseAnalyticsWithoutAdIdSupport */ = {
			isa = XCSwiftPackageProductDependency;
			package = D2CC5E9F2BDBA2EB00D38727 /* XCRemoteSwiftPackageReference "firebase-ios-sdk" */;
			productName = FirebaseAnalyticsWithoutAdIdSupport;
		};
		D2CC5EA82BDBA2EB00D38727 /* FirebaseAppCheck */ = {
			isa = XCSwiftPackageProductDependency;
			package = D2CC5E9F2BDBA2EB00D38727 /* XCRemoteSwiftPackageReference "firebase-ios-sdk" */;
			productName = FirebaseAppCheck;
		};
		D2CC5EAA2BDBA2EB00D38727 /* FirebaseAppDistribution-Beta */ = {
			isa = XCSwiftPackageProductDependency;
			package = D2CC5E9F2BDBA2EB00D38727 /* XCRemoteSwiftPackageReference "firebase-ios-sdk" */;
			productName = "FirebaseAppDistribution-Beta";
		};
		D2CC5EAC2BDBA2EB00D38727 /* FirebaseAuth */ = {
			isa = XCSwiftPackageProductDependency;
			package = D2CC5E9F2BDBA2EB00D38727 /* XCRemoteSwiftPackageReference "firebase-ios-sdk" */;
			productName = FirebaseAuth;
		};
		D2CC5EAE2BDBA2EB00D38727 /* FirebaseAuthCombine-Community */ = {
			isa = XCSwiftPackageProductDependency;
			package = D2CC5E9F2BDBA2EB00D38727 /* XCRemoteSwiftPackageReference "firebase-ios-sdk" */;
			productName = "FirebaseAuthCombine-Community";
		};
		D2CC5EB02BDBA2EB00D38727 /* FirebaseCrashlytics */ = {
			isa = XCSwiftPackageProductDependency;
			package = D2CC5E9F2BDBA2EB00D38727 /* XCRemoteSwiftPackageReference "firebase-ios-sdk" */;
			productName = FirebaseCrashlytics;
		};
		D2CC5EB22BDBA2EB00D38727 /* FirebaseDatabase */ = {
			isa = XCSwiftPackageProductDependency;
			package = D2CC5E9F2BDBA2EB00D38727 /* XCRemoteSwiftPackageReference "firebase-ios-sdk" */;
			productName = FirebaseDatabase;
		};
		D2CC5EB42BDBA2EB00D38727 /* FirebaseDatabaseSwift */ = {
			isa = XCSwiftPackageProductDependency;
			package = D2CC5E9F2BDBA2EB00D38727 /* XCRemoteSwiftPackageReference "firebase-ios-sdk" */;
			productName = FirebaseDatabaseSwift;
		};
		D2CC5EB62BDBA2EB00D38727 /* FirebaseDynamicLinks */ = {
			isa = XCSwiftPackageProductDependency;
			package = D2CC5E9F2BDBA2EB00D38727 /* XCRemoteSwiftPackageReference "firebase-ios-sdk" */;
			productName = FirebaseDynamicLinks;
		};
		D2CC5EB82BDBA2EB00D38727 /* FirebaseFirestore */ = {
			isa = XCSwiftPackageProductDependency;
			package = D2CC5E9F2BDBA2EB00D38727 /* XCRemoteSwiftPackageReference "firebase-ios-sdk" */;
			productName = FirebaseFirestore;
		};
		D2CC5EBA2BDBA2EB00D38727 /* FirebaseFirestoreCombine-Community */ = {
			isa = XCSwiftPackageProductDependency;
			package = D2CC5E9F2BDBA2EB00D38727 /* XCRemoteSwiftPackageReference "firebase-ios-sdk" */;
			productName = "FirebaseFirestoreCombine-Community";
		};
		D2CC5EBC2BDBA2EB00D38727 /* FirebaseFirestoreSwift */ = {
			isa = XCSwiftPackageProductDependency;
			package = D2CC5E9F2BDBA2EB00D38727 /* XCRemoteSwiftPackageReference "firebase-ios-sdk" */;
			productName = FirebaseFirestoreSwift;
		};
		D2CC5EBE2BDBA2EB00D38727 /* FirebaseFunctions */ = {
			isa = XCSwiftPackageProductDependency;
			package = D2CC5E9F2BDBA2EB00D38727 /* XCRemoteSwiftPackageReference "firebase-ios-sdk" */;
			productName = FirebaseFunctions;
		};
		D2CC5EC02BDBA2EB00D38727 /* FirebaseFunctionsCombine-Community */ = {
			isa = XCSwiftPackageProductDependency;
			package = D2CC5E9F2BDBA2EB00D38727 /* XCRemoteSwiftPackageReference "firebase-ios-sdk" */;
			productName = "FirebaseFunctionsCombine-Community";
		};
		D2CC5EC22BDBA2EB00D38727 /* FirebaseInAppMessaging-Beta */ = {
			isa = XCSwiftPackageProductDependency;
			package = D2CC5E9F2BDBA2EB00D38727 /* XCRemoteSwiftPackageReference "firebase-ios-sdk" */;
			productName = "FirebaseInAppMessaging-Beta";
		};
		D2CC5EC42BDBA2EB00D38727 /* FirebaseInAppMessagingSwift-Beta */ = {
			isa = XCSwiftPackageProductDependency;
			package = D2CC5E9F2BDBA2EB00D38727 /* XCRemoteSwiftPackageReference "firebase-ios-sdk" */;
			productName = "FirebaseInAppMessagingSwift-Beta";
		};
		D2CC5EC62BDBA2EB00D38727 /* FirebaseInstallations */ = {
			isa = XCSwiftPackageProductDependency;
			package = D2CC5E9F2BDBA2EB00D38727 /* XCRemoteSwiftPackageReference "firebase-ios-sdk" */;
			productName = FirebaseInstallations;
		};
		D2CC5EC82BDBA2EB00D38727 /* FirebaseMLModelDownloader */ = {
			isa = XCSwiftPackageProductDependency;
			package = D2CC5E9F2BDBA2EB00D38727 /* XCRemoteSwiftPackageReference "firebase-ios-sdk" */;
			productName = FirebaseMLModelDownloader;
		};
		D2CC5ECA2BDBA2EB00D38727 /* FirebaseMessaging */ = {
			isa = XCSwiftPackageProductDependency;
			package = D2CC5E9F2BDBA2EB00D38727 /* XCRemoteSwiftPackageReference "firebase-ios-sdk" */;
			productName = FirebaseMessaging;
		};
		D2CC5ECC2BDBA2EB00D38727 /* FirebasePerformance */ = {
			isa = XCSwiftPackageProductDependency;
			package = D2CC5E9F2BDBA2EB00D38727 /* XCRemoteSwiftPackageReference "firebase-ios-sdk" */;
			productName = FirebasePerformance;
		};
		D2CC5ECE2BDBA2EB00D38727 /* FirebaseRemoteConfig */ = {
			isa = XCSwiftPackageProductDependency;
			package = D2CC5E9F2BDBA2EB00D38727 /* XCRemoteSwiftPackageReference "firebase-ios-sdk" */;
			productName = FirebaseRemoteConfig;
		};
		D2CC5ED02BDBA2EB00D38727 /* FirebaseRemoteConfigSwift */ = {
			isa = XCSwiftPackageProductDependency;
			package = D2CC5E9F2BDBA2EB00D38727 /* XCRemoteSwiftPackageReference "firebase-ios-sdk" */;
			productName = FirebaseRemoteConfigSwift;
		};
		D2CC5ED22BDBA2EB00D38727 /* FirebaseStorage */ = {
			isa = XCSwiftPackageProductDependency;
			package = D2CC5E9F2BDBA2EB00D38727 /* XCRemoteSwiftPackageReference "firebase-ios-sdk" */;
			productName = FirebaseStorage;
		};
		D2CC5ED42BDBA2EB00D38727 /* FirebaseStorageCombine-Community */ = {
			isa = XCSwiftPackageProductDependency;
			package = D2CC5E9F2BDBA2EB00D38727 /* XCRemoteSwiftPackageReference "firebase-ios-sdk" */;
			productName = "FirebaseStorageCombine-Community";
		};
/* End XCSwiftPackageProductDependency section */
	};
	rootObject = D2CC5E672BDBA1A300D38727 /* Project object */;
}
